
Microsoft Visual Studio Solution File, Format Version 12.00
# Visual Studio Version 16
VisualStudioVersion = 25.0.1704.3
MinimumVisualStudioVersion = 10.0.40219.1
Project("{FAE04EC0-301F-11D3-BF4B-00C04F79EFBC}") = "cleanbrightcompany", "cleanbrightcompany.csproj", "{674FA7E8-298F-4FD0-B761-761B3194CA41}"
EndProject
Global
	GlobalSection(SolutionConfigurationPlatforms) = preSolution
		Debug|Any CPU = Debug|Any CPU
		Release|Any CPU = Release|Any CPU
	EndGlobalSection
	GlobalSection(ProjectConfigurationPlatforms) = postSolution
		{674FA7E8-298F-4FD0-B761-761B3194CA41}.Debug|Any CPU.ActiveCfg = Debug|Any CPU
		{674FA7E8-298F-4FD0-B761-761B3194CA41}.Debug|Any CPU.Build.0 = Debug|Any CPU
		{674FA7E8-298F-4FD0-B761-761B3194CA41}.Release|Any CPU.ActiveCfg = Release|Any CPU
		{674FA7E8-298F-4FD0-B761-761B3194CA41}.Release|Any CPU.Build.0 = Release|Any CPU
	EndGlobalSection
	GlobalSection(SolutionProperties) = preSolution
		HideSolutionNode = FALSE
	EndGlobalSection
	GlobalSection(ExtensibilityGlobals) = postSolution
		SolutionGuid = {7ED295A3-920B-4073-A3EF-C9194688D4D6}
	EndGlobalSection
EndGlobal
